
Microsoft Visual Studio Solution File, Format Version 12.00
# Visual Studio Version 17
VisualStudioVersion = 17.12.35707.178 d17.12
MinimumVisualStudioVersion = 10.0.40219.1
Project("{FAE04EC0-301F-11D3-BF4B-00C04F79EFBC}") = "SmartPOS.App", "SmartPOS.App\SmartPOS.App.csproj", "{149D737C-EE9B-483B-B5FC-09EFE42C4D3C}"
EndProject
Project("{FAE04EC0-301F-11D3-BF4B-00C04F79EFBC}") = "SmartPOS.Library", "SmartPOS.Library\SmartPOS.Library.csproj", "{9AFA4034-96F3-43E1-8AC1-D033002FCF1E}"
EndProject
Global
	GlobalSection(SolutionConfigurationPlatforms) = preSolution
		Debug|Any CPU = Debug|Any CPU
		Release|Any CPU = Release|Any CPU
	EndGlobalSection
	GlobalSection(ProjectConfigurationPlatforms) = postSolution
		{149D737C-EE9B-483B-B5FC-09EFE42C4D3C}.Debug|Any CPU.ActiveCfg = Debug|Any CPU
		{149D737C-EE9B-483B-B5FC-09EFE42C4D3C}.Debug|Any CPU.Build.0 = Debug|Any CPU
		{149D737C-EE9B-483B-B5FC-09EFE42C4D3C}.Release|Any CPU.ActiveCfg = Release|Any CPU
		{149D737C-EE9B-483B-B5FC-09EFE42C4D3C}.Release|Any CPU.Build.0 = Release|Any CPU
		{9AFA4034-96F3-43E1-8AC1-D033002FCF1E}.Debug|Any CPU.ActiveCfg = Debug|Any CPU
		{9AFA4034-96F3-43E1-8AC1-D033002FCF1E}.Debug|Any CPU.Build.0 = Debug|Any CPU
		{9AFA4034-96F3-43E1-8AC1-D033002FCF1E}.Release|Any CPU.ActiveCfg = Release|Any CPU
		{9AFA4034-96F3-43E1-8AC1-D033002FCF1E}.Release|Any CPU.Build.0 = Release|Any CPU
	EndGlobalSection
	GlobalSection(SolutionProperties) = preSolution
		HideSolutionNode = FALSE
	EndGlobalSection
EndGlobal
